
Microsoft Visual Studio Solution File, Format Version 12.00
# Visual Studio Version 16
VisualStudioVersion = 16.0.31624.102
MinimumVisualStudioVersion = 10.0.40219.1
Project("{FAE04EC0-301F-11D3-BF4B-00C04F79EFBC}") = "Parcial03", "Parcial03\Parcial03.csproj", "{C82F330D-36A6-4320-811E-E1377AC0C0C1}"
EndProject
Project("{FAE04EC0-301F-11D3-BF4B-00C04F79EFBC}") = "Parcial03.Tests", "Parcial03.Tests\Parcial03.Tests.csproj", "{A7DCC645-84D0-4A94-98BD-28884A7BD17A}"
EndProject
Global
	GlobalSection(SolutionConfigurationPlatforms) = preSolution
		Debug|Any CPU = Debug|Any CPU
		Release|Any CPU = Release|Any CPU
	EndGlobalSection
	GlobalSection(ProjectConfigurationPlatforms) = postSolution
		{C82F330D-36A6-4320-811E-E1377AC0C0C1}.Debug|Any CPU.ActiveCfg = Debug|Any CPU
		{C82F330D-36A6-4320-811E-E1377AC0C0C1}.Debug|Any CPU.Build.0 = Debug|Any CPU
		{C82F330D-36A6-4320-811E-E1377AC0C0C1}.Release|Any CPU.ActiveCfg = Release|Any CPU
		{C82F330D-36A6-4320-811E-E1377AC0C0C1}.Release|Any CPU.Build.0 = Release|Any CPU
		{A7DCC645-84D0-4A94-98BD-28884A7BD17A}.Debug|Any CPU.ActiveCfg = Debug|Any CPU
		{A7DCC645-84D0-4A94-98BD-28884A7BD17A}.Debug|Any CPU.Build.0 = Debug|Any CPU
		{A7DCC645-84D0-4A94-98BD-28884A7BD17A}.Release|Any CPU.ActiveCfg = Release|Any CPU
		{A7DCC645-84D0-4A94-98BD-28884A7BD17A}.Release|Any CPU.Build.0 = Release|Any CPU
	EndGlobalSection
	GlobalSection(SolutionProperties) = preSolution
		HideSolutionNode = FALSE
	EndGlobalSection
	GlobalSection(ExtensibilityGlobals) = postSolution
		SolutionGuid = {B01F9DC2-B418-42AB-91FA-3DE41A559560}
	EndGlobalSection
EndGlobal
